{
  "nodes": {
    "nixpkgs": {
      "locked": {
        "lastModified": 1726954592,
        "narHash": "sha256-ti4xoSuzgv3RK1Hnwfkad/L+HvY1yPawAJLEU8ZbG7M=",
        "owner": "NixOS",
        "repo": "nixpkgs",
        "rev": "10182eec1f68d1b1f9cd1efc10b0fa92bbdec988",
        "type": "github"
      },
      "original": {
        "owner": "NixOS",
        "ref": "release-24.05",
        "repo": "nixpkgs",
        "type": "github"
      }
    },
    "root": {
      "inputs": {
        "nixpkgs": "nixpkgs",
        "zmk-nix": "zmk-nix"
      }
    },
    "zmk-nix": {
      "inputs": {
        "nixpkgs": [
          "nixpkgs"
        ]
      },
      "locked": {
        "lastModified": 1726360499,
        "narHash": "sha256-Zfsqo4tKj7kODW0wC8Q7Wj/0Ao/0N/erFca4zeQ9msE=",
        "owner": "lilyinstarlight",
        "repo": "zmk-nix",
        "rev": "6423686400ce06a5328a50e949adaedc05f767d9",
        "type": "github"
      },
      "original": {
        "owner": "lilyinstarlight",
        "repo": "zmk-nix",
        "type": "github"
      }
    }
  },
  "root": "root",
  "version": 7
}
